
Microsoft Visual Studio Solution File, Format Version 12.00
# Visual Studio 15
VisualStudioVersion = 15.0.28307.421
MinimumVisualStudioVersion = 10.0.40219.1
Project("{FAE04EC0-301F-11D3-BF4B-00C04F79EFBC}") = "WorkingCalc.Android", "WorkingCalc\WorkingCalc.Android\WorkingCalc.Android.csproj", "{EC4EEC37-4C5F-47D6-BCD1-CD9B47111D43}"
EndProject
Project("{FAE04EC0-301F-11D3-BF4B-00C04F79EFBC}") = "WorkingCalc.iOS", "WorkingCalc\WorkingCalc.iOS\WorkingCalc.iOS.csproj", "{E6096036-347C-4885-8A2F-097430F62CD5}"
EndProject
Project("{FAE04EC0-301F-11D3-BF4B-00C04F79EFBC}") = "WorkingCalc.UWP", "WorkingCalc\WorkingCalc.UWP\WorkingCalc.UWP.csproj", "{9A92B1BC-5D42-4357-A44B-D261085903AB}"
EndProject
Project("{FAE04EC0-301F-11D3-BF4B-00C04F79EFBC}") = "WorkingCalc", "WorkingCalc\WorkingCalc\WorkingCalc.csproj", "{8A655FE0-9A46-48C0-AE0A-82A283AB3D0C}"
EndProject
Global
	GlobalSection(SolutionConfigurationPlatforms) = preSolution
		Ad-Hoc|Any CPU = Ad-Hoc|Any CPU
		Ad-Hoc|ARM = Ad-Hoc|ARM
		Ad-Hoc|iPhone = Ad-Hoc|iPhone
		Ad-Hoc|iPhoneSimulator = Ad-Hoc|iPhoneSimulator
		Ad-Hoc|x64 = Ad-Hoc|x64
		Ad-Hoc|x86 = Ad-Hoc|x86
		AppStore|Any CPU = AppStore|Any CPU
		AppStore|ARM = AppStore|ARM
		AppStore|iPhone = AppStore|iPhone
		AppStore|iPhoneSimulator = AppStore|iPhoneSimulator
		AppStore|x64 = AppStore|x64
		AppStore|x86 = AppStore|x86
		Debug|Any CPU = Debug|Any CPU
		Debug|ARM = Debug|ARM
		Debug|iPhone = Debug|iPhone
		Debug|iPhoneSimulator = Debug|iPhoneSimulator
		Debug|x64 = Debug|x64
		Debug|x86 = Debug|x86
		Release|Any CPU = Release|Any CPU
		Release|ARM = Release|ARM
		Release|iPhone = Release|iPhone
		Release|iPhoneSimulator = Release|iPhoneSimulator
		Release|x64 = Release|x64
		Release|x86 = Release|x86
	EndGlobalSection
	GlobalSection(ProjectConfigurationPlatforms) = postSolution
		{EC4EEC37-4C5F-47D6-BCD1-CD9B47111D43}.Ad-Hoc|Any CPU.ActiveCfg = Release|Any CPU
		{EC4EEC37-4C5F-47D6-BCD1-CD9B47111D43}.Ad-Hoc|Any CPU.Build.0 = Release|Any CPU
		{EC4EEC37-4C5F-47D6-BCD1-CD9B47111D43}.Ad-Hoc|Any CPU.Deploy.0 = Release|Any CPU
		{EC4EEC37-4C5F-47D6-BCD1-CD9B47111D43}.Ad-Hoc|ARM.ActiveCfg = Release|Any CPU
		{EC4EEC37-4C5F-47D6-BCD1-CD9B47111D43}.Ad-Hoc|ARM.Build.0 = Release|Any CPU
		{EC4EEC37-4C5F-47D6-BCD1-CD9B47111D43}.Ad-Hoc|ARM.Deploy.0 = Release|Any CPU
		{EC4EEC37-4C5F-47D6-BCD1-CD9B47111D43}.Ad-Hoc|iPhone.ActiveCfg = Release|Any CPU
		{EC4EEC37-4C5F-47D6-BCD1-CD9B47111D43}.Ad-Hoc|iPhone.Build.0 = Release|Any CPU
		{EC4EEC37-4C5F-47D6-BCD1-CD9B47111D43}.Ad-Hoc|iPhone.Deploy.0 = Release|Any CPU
		{EC4EEC37-4C5F-47D6-BCD1-CD9B47111D43}.Ad-Hoc|iPhoneSimulator.ActiveCfg = Release|Any CPU
		{EC4EEC37-4C5F-47D6-BCD1-CD9B47111D43}.Ad-Hoc|iPhoneSimulator.Build.0 = Release|Any CPU
		{EC4EEC37-4C5F-47D6-BCD1-CD9B47111D43}.Ad-Hoc|iPhoneSimulator.Deploy.0 = Release|Any CPU
		{EC4EEC37-4C5F-47D6-BCD1-CD9B47111D43}.Ad-Hoc|x64.ActiveCfg = Release|Any CPU
		{EC4EEC37-4C5F-47D6-BCD1-CD9B47111D43}.Ad-Hoc|x64.Build.0 = Release|Any CPU
		{EC4EEC37-4C5F-47D6-BCD1-CD9B47111D43}.Ad-Hoc|x64.Deploy.0 = Release|Any CPU
		{EC4EEC37-4C5F-47D6-BCD1-CD9B47111D43}.Ad-Hoc|x86.ActiveCfg = Release|Any CPU
		{EC4EEC37-4C5F-47D6-BCD1-CD9B47111D43}.Ad-Hoc|x86.Build.0 = Release|Any CPU
		{EC4EEC37-4C5F-47D6-BCD1-CD9B47111D43}.Ad-Hoc|x86.Deploy.0 = Release|Any CPU
		{EC4EEC37-4C5F-47D6-BCD1-CD9B47111D43}.AppStore|Any CPU.ActiveCfg = Release|Any CPU
		{EC4EEC37-4C5F-47D6-BCD1-CD9B47111D43}.AppStore|Any CPU.Build.0 = Release|Any CPU
		{EC4EEC37-4C5F-47D6-BCD1-CD9B47111D43}.AppStore|Any CPU.Deploy.0 = Release|Any CPU
		{EC4EEC37-4C5F-47D6-BCD1-CD9B47111D43}.AppStore|ARM.ActiveCfg = Release|Any CPU
		{EC4EEC37-4C5F-47D6-BCD1-CD9B47111D43}.AppStore|ARM.Build.0 = Release|Any CPU
		{EC4EEC37-4C5F-47D6-BCD1-CD9B47111D43}.AppStore|ARM.Deploy.0 = Release|Any CPU
		{EC4EEC37-4C5F-47D6-BCD1-CD9B47111D43}.AppStore|iPhone.ActiveCfg = Release|Any CPU
		{EC4EEC37-4C5F-47D6-BCD1-CD9B47111D43}.AppStore|iPhone.Build.0 = Release|Any CPU
		{EC4EEC37-4C5F-47D6-BCD1-CD9B47111D43}.AppStore|iPhone.Deploy.0 = Release|Any CPU
		{EC4EEC37-4C5F-47D6-BCD1-CD9B47111D43}.AppStore|iPhoneSimulator.ActiveCfg = Release|Any CPU
		{EC4EEC37-4C5F-47D6-BCD1-CD9B47111D43}.AppStore|iPhoneSimulator.Build.0 = Release|Any CPU
		{EC4EEC37-4C5F-47D6-BCD1-CD9B47111D43}.AppStore|iPhoneSimulator.Deploy.0 = Release|Any CPU
		{EC4EEC37-4C5F-47D6-BCD1-CD9B47111D43}.AppStore|x64.ActiveCfg = Release|Any CPU
		{EC4EEC37-4C5F-47D6-BCD1-CD9B47111D43}.AppStore|x64.Build.0 = Release|Any CPU
		{EC4EEC37-4C5F-47D6-BCD1-CD9B47111D43}.AppStore|x64.Deploy.0 = Release|Any CPU
		{EC4EEC37-4C5F-47D6-BCD1-CD9B47111D43}.AppStore|x86.ActiveCfg = Release|Any CPU
		{EC4EEC37-4C5F-47D6-BCD1-CD9B47111D43}.AppStore|x86.Build.0 = Release|Any CPU
		{EC4EEC37-4C5F-47D6-BCD1-CD9B47111D43}.AppStore|x86.Deploy.0 = Release|Any CPU
		{EC4EEC37-4C5F-47D6-BCD1-CD9B47111D43}.Debug|Any CPU.ActiveCfg = Debug|Any CPU
		{EC4EEC37-4C5F-47D6-BCD1-CD9B47111D43}.Debug|Any CPU.Build.0 = Debug|Any CPU
		{EC4EEC37-4C5F-47D6-BCD1-CD9B47111D43}.Debug|Any CPU.Deploy.0 = Debug|Any CPU
		{EC4EEC37-4C5F-47D6-BCD1-CD9B47111D43}.Debug|ARM.ActiveCfg = Debug|Any CPU
		{EC4EEC37-4C5F-47D6-BCD1-CD9B47111D43}.Debug|ARM.Build.0 = Debug|Any CPU
		{EC4EEC37-4C5F-47D6-BCD1-CD9B47111D43}.Debug|ARM.Deploy.0 = Debug|Any CPU
		{EC4EEC37-4C5F-47D6-BCD1-CD9B47111D43}.Debug|iPhone.ActiveCfg = Debug|Any CPU
		{EC4EEC37-4C5F-47D6-BCD1-CD9B47111D43}.Debug|iPhone.Build.0 = Debug|Any CPU
		{EC4EEC37-4C5F-47D6-BCD1-CD9B47111D43}.Debug|iPhone.Deploy.0 = Debug|Any CPU
		{EC4EEC37-4C5F-47D6-BCD1-CD9B47111D43}.Debug|iPhoneSimulator.ActiveCfg = Debug|Any CPU
		{EC4EEC37-4C5F-47D6-BCD1-CD9B47111D43}.Debug|iPhoneSimulator.Build.0 = Debug|Any CPU
		{EC4EEC37-4C5F-47D6-BCD1-CD9B47111D43}.Debug|iPhoneSimulator.Deploy.0 = Debug|Any CPU
		{EC4EEC37-4C5F-47D6-BCD1-CD9B47111D43}.Debug|x64.ActiveCfg = Debug|Any CPU
		{EC4EEC37-4C5F-47D6-BCD1-CD9B47111D43}.Debug|x64.Build.0 = Debug|Any CPU
		{EC4EEC37-4C5F-47D6-BCD1-CD9B47111D43}.Debug|x64.Deploy.0 = Debug|Any CPU
		{EC4EEC37-4C5F-47D6-BCD1-CD9B47111D43}.Debug|x86.ActiveCfg = Debug|Any CPU
		{EC4EEC37-4C5F-47D6-BCD1-CD9B47111D43}.Debug|x86.Build.0 = Debug|Any CPU
		{EC4EEC37-4C5F-47D6-BCD1-CD9B47111D43}.Debug|x86.Deploy.0 = Debug|Any CPU
		{EC4EEC37-4C5F-47D6-BCD1-CD9B47111D43}.Release|Any CPU.ActiveCfg = Release|Any CPU
		{EC4EEC37-4C5F-47D6-BCD1-CD9B47111D43}.Release|Any CPU.Build.0 = Release|Any CPU
		{EC4EEC37-4C5F-47D6-BCD1-CD9B47111D43}.Release|Any CPU.Deploy.0 = Release|Any CPU
		{EC4EEC37-4C5F-47D6-BCD1-CD9B47111D43}.Release|ARM.ActiveCfg = Release|Any CPU
		{EC4EEC37-4C5F-47D6-BCD1-CD9B47111D43}.Release|ARM.Build.0 = Release|Any CPU
		{EC4EEC37-4C5F-47D6-BCD1-CD9B47111D43}.Release|ARM.Deploy.0 = Release|Any CPU
		{EC4EEC37-4C5F-47D6-BCD1-CD9B47111D43}.Release|iPhone.ActiveCfg = Release|Any CPU
		{EC4EEC37-4C5F-47D6-BCD1-CD9B47111D43}.Release|iPhone.Build.0 = Release|Any CPU
		{EC4EEC37-4C5F-47D6-BCD1-CD9B47111D43}.Release|iPhone.Deploy.0 = Release|Any CPU
		{EC4EEC37-4C5F-47D6-BCD1-CD9B47111D43}.Release|iPhoneSimulator.ActiveCfg = Release|Any CPU
		{EC4EEC37-4C5F-47D6-BCD1-CD9B47111D43}.Release|iPhoneSimulator.Build.0 = Release|Any CPU
		{EC4EEC37-4C5F-47D6-BCD1-CD9B47111D43}.Release|iPhoneSimulator.Deploy.0 = Release|Any CPU
		{EC4EEC37-4C5F-47D6-BCD1-CD9B47111D43}.Release|x64.ActiveCfg = Release|Any CPU
		{EC4EEC37-4C5F-47D6-BCD1-CD9B47111D43}.Release|x64.Build.0 = Release|Any CPU
		{EC4EEC37-4C5F-47D6-BCD1-CD9B47111D43}.Release|x64.Deploy.0 = Release|Any CPU
		{EC4EEC37-4C5F-47D6-BCD1-CD9B47111D43}.Release|x86.ActiveCfg = Release|Any CPU
		{EC4EEC37-4C5F-47D6-BCD1-CD9B47111D43}.Release|x86.Build.0 = Release|Any CPU
		{EC4EEC37-4C5F-47D6-BCD1-CD9B47111D43}.Release|x86.Deploy.0 = Release|Any CPU
		{E6096036-347C-4885-8A2F-097430F62CD5}.Ad-Hoc|Any CPU.ActiveCfg = Ad-Hoc|iPhone
		{E6096036-347C-4885-8A2F-097430F62CD5}.Ad-Hoc|Any CPU.Build.0 = Ad-Hoc|iPhone
		{E6096036-347C-4885-8A2F-097430F62CD5}.Ad-Hoc|Any CPU.Deploy.0 = Ad-Hoc|iPhone
		{E6096036-347C-4885-8A2F-097430F62CD5}.Ad-Hoc|ARM.ActiveCfg = Ad-Hoc|iPhone
		{E6096036-347C-4885-8A2F-097430F62CD5}.Ad-Hoc|ARM.Build.0 = Ad-Hoc|iPhone
		{E6096036-347C-4885-8A2F-097430F62CD5}.Ad-Hoc|ARM.Deploy.0 = Ad-Hoc|iPhone
		{E6096036-347C-4885-8A2F-097430F62CD5}.Ad-Hoc|iPhone.ActiveCfg = Ad-Hoc|iPhone
		{E6096036-347C-4885-8A2F-097430F62CD5}.Ad-Hoc|iPhone.Build.0 = Ad-Hoc|iPhone
		{E6096036-347C-4885-8A2F-097430F62CD5}.Ad-Hoc|iPhone.Deploy.0 = Ad-Hoc|iPhone
		{E6096036-347C-4885-8A2F-097430F62CD5}.Ad-Hoc|iPhoneSimulator.ActiveCfg = Ad-Hoc|iPhoneSimulator
		{E6096036-347C-4885-8A2F-097430F62CD5}.Ad-Hoc|iPhoneSimulator.Build.0 = Ad-Hoc|iPhoneSimulator
		{E6096036-347C-4885-8A2F-097430F62CD5}.Ad-Hoc|iPhoneSimulator.Deploy.0 = Ad-Hoc|iPhoneSimulator
		{E6096036-347C-4885-8A2F-097430F62CD5}.Ad-Hoc|x64.ActiveCfg = Ad-Hoc|iPhone
		{E6096036-347C-4885-8A2F-097430F62CD5}.Ad-Hoc|x64.Build.0 = Ad-Hoc|iPhone
		{E6096036-347C-4885-8A2F-097430F62CD5}.Ad-Hoc|x64.Deploy.0 = Ad-Hoc|iPhone
		{E6096036-347C-4885-8A2F-097430F62CD5}.Ad-Hoc|x86.ActiveCfg = Ad-Hoc|iPhone
		{E6096036-347C-4885-8A2F-097430F62CD5}.Ad-Hoc|x86.Build.0 = Ad-Hoc|iPhone
		{E6096036-347C-4885-8A2F-097430F62CD5}.Ad-Hoc|x86.Deploy.0 = Ad-Hoc|iPhone
		{E6096036-347C-4885-8A2F-097430F62CD5}.AppStore|Any CPU.ActiveCfg = AppStore|iPhone
		{E6096036-347C-4885-8A2F-097430F62CD5}.AppStore|Any CPU.Build.0 = AppStore|iPhone
		{E6096036-347C-4885-8A2F-097430F62CD5}.AppStore|Any CPU.Deploy.0 = AppStore|iPhone
		{E6096036-347C-4885-8A2F-097430F62CD5}.AppStore|ARM.ActiveCfg = AppStore|iPhone
		{E6096036-347C-4885-8A2F-097430F62CD5}.AppStore|ARM.Build.0 = AppStore|iPhone
		{E6096036-347C-4885-8A2F-097430F62CD5}.AppStore|ARM.Deploy.0 = AppStore|iPhone
		{E6096036-347C-4885-8A2F-097430F62CD5}.AppStore|iPhone.ActiveCfg = AppStore|iPhone
		{E6096036-347C-4885-8A2F-097430F62CD5}.AppStore|iPhone.Build.0 = AppStore|iPhone
		{E6096036-347C-4885-8A2F-097430F62CD5}.AppStore|iPhone.Deploy.0 = AppStore|iPhone
		{E6096036-347C-4885-8A2F-097430F62CD5}.AppStore|iPhoneSimulator.ActiveCfg = AppStore|iPhoneSimulator
		{E6096036-347C-4885-8A2F-097430F62CD5}.AppStore|iPhoneSimulator.Build.0 = AppStore|iPhoneSimulator
		{E6096036-347C-4885-8A2F-097430F62CD5}.AppStore|iPhoneSimulator.Deploy.0 = AppStore|iPhoneSimulator
		{E6096036-347C-4885-8A2F-097430F62CD5}.AppStore|x64.ActiveCfg = AppStore|iPhone
		{E6096036-347C-4885-8A2F-097430F62CD5}.AppStore|x64.Build.0 = AppStore|iPhone
		{E6096036-347C-4885-8A2F-097430F62CD5}.AppStore|x64.Deploy.0 = AppStore|iPhone
		{E6096036-347C-4885-8A2F-097430F62CD5}.AppStore|x86.ActiveCfg = AppStore|iPhone
		{E6096036-347C-4885-8A2F-097430F62CD5}.AppStore|x86.Build.0 = AppStore|iPhone
		{E6096036-347C-4885-8A2F-097430F62CD5}.AppStore|x86.Deploy.0 = AppStore|iPhone
		{E6096036-347C-4885-8A2F-097430F62CD5}.Debug|Any CPU.ActiveCfg = Debug|iPhoneSimulator
		{E6096036-347C-4885-8A2F-097430F62CD5}.Debug|Any CPU.Build.0 = Debug|iPhoneSimulator
		{E6096036-347C-4885-8A2F-097430F62CD5}.Debug|Any CPU.Deploy.0 = Debug|iPhoneSimulator
		{E6096036-347C-4885-8A2F-097430F62CD5}.Debug|ARM.ActiveCfg = Debug|iPhone
		{E6096036-347C-4885-8A2F-097430F62CD5}.Debug|ARM.Build.0 = Debug|iPhone
		{E6096036-347C-4885-8A2F-097430F62CD5}.Debug|ARM.Deploy.0 = Debug|iPhone
		{E6096036-347C-4885-8A2F-097430F62CD5}.Debug|iPhone.ActiveCfg = Debug|iPhone
		{E6096036-347C-4885-8A2F-097430F62CD5}.Debug|iPhone.Build.0 = Debug|iPhone
		{E6096036-347C-4885-8A2F-097430F62CD5}.Debug|iPhone.Deploy.0 = Debug|iPhone
		{E6096036-347C-4885-8A2F-097430F62CD5}.Debug|iPhoneSimulator.ActiveCfg = Debug|iPhoneSimulator
		{E6096036-347C-4885-8A2F-097430F62CD5}.Debug|iPhoneSimulator.Build.0 = Debug|iPhoneSimulator
		{E6096036-347C-4885-8A2F-097430F62CD5}.Debug|iPhoneSimulator.Deploy.0 = Debug|iPhoneSimulator
		{E6096036-347C-4885-8A2F-097430F62CD5}.Debug|x64.ActiveCfg = Debug|iPhone
		{E6096036-347C-4885-8A2F-097430F62CD5}.Debug|x64.Build.0 = Debug|iPhone
		{E6096036-347C-4885-8A2F-097430F62CD5}.Debug|x64.Deploy.0 = Debug|iPhone
		{E6096036-347C-4885-8A2F-097430F62CD5}.Debug|x86.ActiveCfg = Debug|iPhone
		{E6096036-347C-4885-8A2F-097430F62CD5}.Debug|x86.Build.0 = Debug|iPhone
		{E6096036-347C-4885-8A2F-097430F62CD5}.Debug|x86.Deploy.0 = Debug|iPhone
		{E6096036-347C-4885-8A2F-097430F62CD5}.Release|Any CPU.ActiveCfg = Release|iPhone
		{E6096036-347C-4885-8A2F-097430F62CD5}.Release|Any CPU.Build.0 = Release|iPhone
		{E6096036-347C-4885-8A2F-097430F62CD5}.Release|Any CPU.Deploy.0 = Release|iPhone
		{E6096036-347C-4885-8A2F-097430F62CD5}.Release|ARM.ActiveCfg = Release|iPhone
		{E6096036-347C-4885-8A2F-097430F62CD5}.Release|ARM.Build.0 = Release|iPhone
		{E6096036-347C-4885-8A2F-097430F62CD5}.Release|ARM.Deploy.0 = Release|iPhone
		{E6096036-347C-4885-8A2F-097430F62CD5}.Release|iPhone.ActiveCfg = Release|iPhone
		{E6096036-347C-4885-8A2F-097430F62CD5}.Release|iPhone.Build.0 = Release|iPhone
		{E6096036-347C-4885-8A2F-097430F62CD5}.Release|iPhone.Deploy.0 = Release|iPhone
		{E6096036-347C-4885-8A2F-097430F62CD5}.Release|iPhoneSimulator.ActiveCfg = Release|iPhoneSimulator
		{E6096036-347C-4885-8A2F-097430F62CD5}.Release|iPhoneSimulator.Build.0 = Release|iPhoneSimulator
		{E6096036-347C-4885-8A2F-097430F62CD5}.Release|iPhoneSimulator.Deploy.0 = Release|iPhoneSimulator
		{E6096036-347C-4885-8A2F-097430F62CD5}.Release|x64.ActiveCfg = Release|iPhone
		{E6096036-347C-4885-8A2F-097430F62CD5}.Release|x64.Build.0 = Release|iPhone
		{E6096036-347C-4885-8A2F-097430F62CD5}.Release|x64.Deploy.0 = Release|iPhone
		{E6096036-347C-4885-8A2F-097430F62CD5}.Release|x86.ActiveCfg = Release|iPhone
		{E6096036-347C-4885-8A2F-097430F62CD5}.Release|x86.Build.0 = Release|iPhone
		{E6096036-347C-4885-8A2F-097430F62CD5}.Release|x86.Deploy.0 = Release|iPhone
		{9A92B1BC-5D42-4357-A44B-D261085903AB}.Ad-Hoc|Any CPU.ActiveCfg = Release|x86
		{9A92B1BC-5D42-4357-A44B-D261085903AB}.Ad-Hoc|Any CPU.Build.0 = Release|x86
		{9A92B1BC-5D42-4357-A44B-D261085903AB}.Ad-Hoc|Any CPU.Deploy.0 = Release|x86
		{9A92B1BC-5D42-4357-A44B-D261085903AB}.Ad-Hoc|ARM.ActiveCfg = Release|ARM
		{9A92B1BC-5D42-4357-A44B-D261085903AB}.Ad-Hoc|ARM.Build.0 = Release|ARM
		{9A92B1BC-5D42-4357-A44B-D261085903AB}.Ad-Hoc|ARM.Deploy.0 = Release|ARM
		{9A92B1BC-5D42-4357-A44B-D261085903AB}.Ad-Hoc|iPhone.ActiveCfg = Release|x86
		{9A92B1BC-5D42-4357-A44B-D261085903AB}.Ad-Hoc|iPhone.Build.0 = Release|x86
		{9A92B1BC-5D42-4357-A44B-D261085903AB}.Ad-Hoc|iPhone.Deploy.0 = Release|x86
		{9A92B1BC-5D42-4357-A44B-D261085903AB}.Ad-Hoc|iPhoneSimulator.ActiveCfg = Release|x86
		{9A92B1BC-5D42-4357-A44B-D261085903AB}.Ad-Hoc|iPhoneSimulator.Build.0 = Release|x86
		{9A92B1BC-5D42-4357-A44B-D261085903AB}.Ad-Hoc|iPhoneSimulator.Deploy.0 = Release|x86
		{9A92B1BC-5D42-4357-A44B-D261085903AB}.Ad-Hoc|x64.ActiveCfg = Release|x64
		{9A92B1BC-5D42-4357-A44B-D261085903AB}.Ad-Hoc|x64.Build.0 = Release|x64
		{9A92B1BC-5D42-4357-A44B-D261085903AB}.Ad-Hoc|x64.Deploy.0 = Release|x64
		{9A92B1BC-5D42-4357-A44B-D261085903AB}.Ad-Hoc|x86.ActiveCfg = Release|x86
		{9A92B1BC-5D42-4357-A44B-D261085903AB}.Ad-Hoc|x86.Build.0 = Release|x86
		{9A92B1BC-5D42-4357-A44B-D261085903AB}.Ad-Hoc|x86.Deploy.0 = Release|x86
		{9A92B1BC-5D42-4357-A44B-D261085903AB}.AppStore|Any CPU.ActiveCfg = Release|x86
		{9A92B1BC-5D42-4357-A44B-D261085903AB}.AppStore|Any CPU.Build.0 = Release|x86
		{9A92B1BC-5D42-4357-A44B-D261085903AB}.AppStore|Any CPU.Deploy.0 = Release|x86
		{9A92B1BC-5D42-4357-A44B-D261085903AB}.AppStore|ARM.ActiveCfg = Release|ARM
		{9A92B1BC-5D42-4357-A44B-D261085903AB}.AppStore|ARM.Build.0 = Release|ARM
		{9A92B1BC-5D42-4357-A44B-D261085903AB}.AppStore|ARM.Deploy.0 = Release|ARM
		{9A92B1BC-5D42-4357-A44B-D261085903AB}.AppStore|iPhone.ActiveCfg = Release|x86
		{9A92B1BC-5D42-4357-A44B-D261085903AB}.AppStore|iPhone.Build.0 = Release|x86
		{9A92B1BC-5D42-4357-A44B-D261085903AB}.AppStore|iPhone.Deploy.0 = Release|x86
		{9A92B1BC-5D42-4357-A44B-D261085903AB}.AppStore|iPhoneSimulator.ActiveCfg = Release|x86
		{9A92B1BC-5D42-4357-A44B-D261085903AB}.AppStore|iPhoneSimulator.Build.0 = Release|x86
		{9A92B1BC-5D42-4357-A44B-D261085903AB}.AppStore|iPhoneSimulator.Deploy.0 = Release|x86
		{9A92B1BC-5D42-4357-A44B-D261085903AB}.AppStore|x64.ActiveCfg = Release|x64
		{9A92B1BC-5D42-4357-A44B-D261085903AB}.AppStore|x64.Build.0 = Release|x64
		{9A92B1BC-5D42-4357-A44B-D261085903AB}.AppStore|x64.Deploy.0 = Release|x64
		{9A92B1BC-5D42-4357-A44B-D261085903AB}.AppStore|x86.ActiveCfg = Release|x86
		{9A92B1BC-5D42-4357-A44B-D261085903AB}.AppStore|x86.Build.0 = Release|x86
		{9A92B1BC-5D42-4357-A44B-D261085903AB}.AppStore|x86.Deploy.0 = Release|x86
		{9A92B1BC-5D42-4357-A44B-D261085903AB}.Debug|Any CPU.ActiveCfg = Debug|x86
		{9A92B1BC-5D42-4357-A44B-D261085903AB}.Debug|Any CPU.Build.0 = Debug|x86
		{9A92B1BC-5D42-4357-A44B-D261085903AB}.Debug|Any CPU.Deploy.0 = Debug|x86
		{9A92B1BC-5D42-4357-A44B-D261085903AB}.Debug|ARM.ActiveCfg = Debug|ARM
		{9A92B1BC-5D42-4357-A44B-D261085903AB}.Debug|ARM.Build.0 = Debug|ARM
		{9A92B1BC-5D42-4357-A44B-D261085903AB}.Debug|ARM.Deploy.0 = Debug|ARM
		{9A92B1BC-5D42-4357-A44B-D261085903AB}.Debug|iPhone.ActiveCfg = Debug|x86
		{9A92B1BC-5D42-4357-A44B-D261085903AB}.Debug|iPhone.Build.0 = Debug|x86
		{9A92B1BC-5D42-4357-A44B-D261085903AB}.Debug|iPhone.Deploy.0 = Debug|x86
		{9A92B1BC-5D42-4357-A44B-D261085903AB}.Debug|iPhoneSimulator.ActiveCfg = Debug|x86
		{9A92B1BC-5D42-4357-A44B-D261085903AB}.Debug|iPhoneSimulator.Build.0 = Debug|x86
		{9A92B1BC-5D42-4357-A44B-D261085903AB}.Debug|iPhoneSimulator.Deploy.0 = Debug|x86
		{9A92B1BC-5D42-4357-A44B-D261085903AB}.Debug|x64.ActiveCfg = Debug|x64
		{9A92B1BC-5D42-4357-A44B-D261085903AB}.Debug|x64.Build.0 = Debug|x64
		{9A92B1BC-5D42-4357-A44B-D261085903AB}.Debug|x64.Deploy.0 = Debug|x64
		{9A92B1BC-5D42-4357-A44B-D261085903AB}.Debug|x86.ActiveCfg = Debug|x86
		{9A92B1BC-5D42-4357-A44B-D261085903AB}.Debug|x86.Build.0 = Debug|x86
		{9A92B1BC-5D42-4357-A44B-D261085903AB}.Debug|x86.Deploy.0 = Debug|x86
		{9A92B1BC-5D42-4357-A44B-D261085903AB}.Release|Any CPU.ActiveCfg = Release|x86
		{9A92B1BC-5D42-4357-A44B-D261085903AB}.Release|Any CPU.Build.0 = Release|x86
		{9A92B1BC-5D42-4357-A44B-D261085903AB}.Release|Any CPU.Deploy.0 = Release|x86
		{9A92B1BC-5D42-4357-A44B-D261085903AB}.Release|ARM.ActiveCfg = Release|ARM
		{9A92B1BC-5D42-4357-A44B-D261085903AB}.Release|ARM.Build.0 = Release|ARM
		{9A92B1BC-5D42-4357-A44B-D261085903AB}.Release|ARM.Deploy.0 = Release|ARM
		{9A92B1BC-5D42-4357-A44B-D261085903AB}.Release|iPhone.ActiveCfg = Release|x86
		{9A92B1BC-5D42-4357-A44B-D261085903AB}.Release|iPhone.Build.0 = Release|x86
		{9A92B1BC-5D42-4357-A44B-D261085903AB}.Release|iPhone.Deploy.0 = Release|x86
		{9A92B1BC-5D42-4357-A44B-D261085903AB}.Release|iPhoneSimulator.ActiveCfg = Release|x86
		{9A92B1BC-5D42-4357-A44B-D261085903AB}.Release|iPhoneSimulator.Build.0 = Release|x86
		{9A92B1BC-5D42-4357-A44B-D261085903AB}.Release|iPhoneSimulator.Deploy.0 = Release|x86
		{9A92B1BC-5D42-4357-A44B-D261085903AB}.Release|x64.ActiveCfg = Release|x64
		{9A92B1BC-5D42-4357-A44B-D261085903AB}.Release|x64.Build.0 = Release|x64
		{9A92B1BC-5D42-4357-A44B-D261085903AB}.Release|x64.Deploy.0 = Release|x64
		{9A92B1BC-5D42-4357-A44B-D261085903AB}.Release|x86.ActiveCfg = Release|x86
		{9A92B1BC-5D42-4357-A44B-D261085903AB}.Release|x86.Build.0 = Release|x86
		{9A92B1BC-5D42-4357-A44B-D261085903AB}.Release|x86.Deploy.0 = Release|x86
		{8A655FE0-9A46-48C0-AE0A-82A283AB3D0C}.Ad-Hoc|Any CPU.ActiveCfg = Debug|Any CPU
		{8A655FE0-9A46-48C0-AE0A-82A283AB3D0C}.Ad-Hoc|Any CPU.Build.0 = Debug|Any CPU
		{8A655FE0-9A46-48C0-AE0A-82A283AB3D0C}.Ad-Hoc|Any CPU.Deploy.0 = Debug|Any CPU
		{8A655FE0-9A46-48C0-AE0A-82A283AB3D0C}.Ad-Hoc|ARM.ActiveCfg = Debug|Any CPU
		{8A655FE0-9A46-48C0-AE0A-82A283AB3D0C}.Ad-Hoc|ARM.Build.0 = Debug|Any CPU
		{8A655FE0-9A46-48C0-AE0A-82A283AB3D0C}.Ad-Hoc|ARM.Deploy.0 = Debug|Any CPU
		{8A655FE0-9A46-48C0-AE0A-82A283AB3D0C}.Ad-Hoc|iPhone.ActiveCfg = Debug|Any CPU
		{8A655FE0-9A46-48C0-AE0A-82A283AB3D0C}.Ad-Hoc|iPhone.Build.0 = Debug|Any CPU
		{8A655FE0-9A46-48C0-AE0A-82A283AB3D0C}.Ad-Hoc|iPhone.Deploy.0 = Debug|Any CPU
		{8A655FE0-9A46-48C0-AE0A-82A283AB3D0C}.Ad-Hoc|iPhoneSimulator.ActiveCfg = Debug|Any CPU
		{8A655FE0-9A46-48C0-AE0A-82A283AB3D0C}.Ad-Hoc|iPhoneSimulator.Build.0 = Debug|Any CPU
		{8A655FE0-9A46-48C0-AE0A-82A283AB3D0C}.Ad-Hoc|iPhoneSimulator.Deploy.0 = Debug|Any CPU
		{8A655FE0-9A46-48C0-AE0A-82A283AB3D0C}.Ad-Hoc|x64.ActiveCfg = Debug|Any CPU
		{8A655FE0-9A46-48C0-AE0A-82A283AB3D0C}.Ad-Hoc|x64.Build.0 = Debug|Any CPU
		{8A655FE0-9A46-48C0-AE0A-82A283AB3D0C}.Ad-Hoc|x64.Deploy.0 = Debug|Any CPU
		{8A655FE0-9A46-48C0-AE0A-82A283AB3D0C}.Ad-Hoc|x86.ActiveCfg = Debug|Any CPU
		{8A655FE0-9A46-48C0-AE0A-82A283AB3D0C}.Ad-Hoc|x86.Build.0 = Debug|Any CPU
		{8A655FE0-9A46-48C0-AE0A-82A283AB3D0C}.Ad-Hoc|x86.Deploy.0 = Debug|Any CPU
		{8A655FE0-9A46-48C0-AE0A-82A283AB3D0C}.AppStore|Any CPU.ActiveCfg = Debug|Any CPU
		{8A655FE0-9A46-48C0-AE0A-82A283AB3D0C}.AppStore|Any CPU.Build.0 = Debug|Any CPU
		{8A655FE0-9A46-48C0-AE0A-82A283AB3D0C}.AppStore|Any CPU.Deploy.0 = Debug|Any CPU
		{8A655FE0-9A46-48C0-AE0A-82A283AB3D0C}.AppStore|ARM.ActiveCfg = Debug|Any CPU
		{8A655FE0-9A46-48C0-AE0A-82A283AB3D0C}.AppStore|ARM.Build.0 = Debug|Any CPU
		{8A655FE0-9A46-48C0-AE0A-82A283AB3D0C}.AppStore|ARM.Deploy.0 = Debug|Any CPU
		{8A655FE0-9A46-48C0-AE0A-82A283AB3D0C}.AppStore|iPhone.ActiveCfg = Debug|Any CPU
		{8A655FE0-9A46-48C0-AE0A-82A283AB3D0C}.AppStore|iPhone.Build.0 = Debug|Any CPU
		{8A655FE0-9A46-48C0-AE0A-82A283AB3D0C}.AppStore|iPhone.Deploy.0 = Debug|Any CPU
		{8A655FE0-9A46-48C0-AE0A-82A283AB3D0C}.AppStore|iPhoneSimulator.ActiveCfg = Debug|Any CPU
		{8A655FE0-9A46-48C0-AE0A-82A283AB3D0C}.AppStore|iPhoneSimulator.Build.0 = Debug|Any CPU
		{8A655FE0-9A46-48C0-AE0A-82A283AB3D0C}.AppStore|iPhoneSimulator.Deploy.0 = Debug|Any CPU
		{8A655FE0-9A46-48C0-AE0A-82A283AB3D0C}.AppStore|x64.ActiveCfg = Debug|Any CPU
		{8A655FE0-9A46-48C0-AE0A-82A283AB3D0C}.AppStore|x64.Build.0 = Debug|Any CPU
		{8A655FE0-9A46-48C0-AE0A-82A283AB3D0C}.AppStore|x64.Deploy.0 = Debug|Any CPU
		{8A655FE0-9A46-48C0-AE0A-82A283AB3D0C}.AppStore|x86.ActiveCfg = Debug|Any CPU
		{8A655FE0-9A46-48C0-AE0A-82A283AB3D0C}.AppStore|x86.Build.0 = Debug|Any CPU
		{8A655FE0-9A46-48C0-AE0A-82A283AB3D0C}.AppStore|x86.Deploy.0 = Debug|Any CPU
		{8A655FE0-9A46-48C0-AE0A-82A283AB3D0C}.Debug|Any CPU.ActiveCfg = Debug|Any CPU
		{8A655FE0-9A46-48C0-AE0A-82A283AB3D0C}.Debug|Any CPU.Build.0 = Debug|Any CPU
		{8A655FE0-9A46-48C0-AE0A-82A283AB3D0C}.Debug|Any CPU.Deploy.0 = Debug|Any CPU
		{8A655FE0-9A46-48C0-AE0A-82A283AB3D0C}.Debug|ARM.ActiveCfg = Debug|Any CPU
		{8A655FE0-9A46-48C0-AE0A-82A283AB3D0C}.Debug|ARM.Build.0 = Debug|Any CPU
		{8A655FE0-9A46-48C0-AE0A-82A283AB3D0C}.Debug|ARM.Deploy.0 = Debug|Any CPU
		{8A655FE0-9A46-48C0-AE0A-82A283AB3D0C}.Debug|iPhone.ActiveCfg = Debug|Any CPU
		{8A655FE0-9A46-48C0-AE0A-82A283AB3D0C}.Debug|iPhone.Build.0 = Debug|Any CPU
		{8A655FE0-9A46-48C0-AE0A-82A283AB3D0C}.Debug|iPhone.Deploy.0 = Debug|Any CPU
		{8A655FE0-9A46-48C0-AE0A-82A283AB3D0C}.Debug|iPhoneSimulator.ActiveCfg = Debug|Any CPU
		{8A655FE0-9A46-48C0-AE0A-82A283AB3D0C}.Debug|iPhoneSimulator.Build.0 = Debug|Any CPU
		{8A655FE0-9A46-48C0-AE0A-82A283AB3D0C}.Debug|iPhoneSimulator.Deploy.0 = Debug|Any CPU
		{8A655FE0-9A46-48C0-AE0A-82A283AB3D0C}.Debug|x64.ActiveCfg = Debug|Any CPU
		{8A655FE0-9A46-48C0-AE0A-82A283AB3D0C}.Debug|x64.Build.0 = Debug|Any CPU
		{8A655FE0-9A46-48C0-AE0A-82A283AB3D0C}.Debug|x64.Deploy.0 = Debug|Any CPU
		{8A655FE0-9A46-48C0-AE0A-82A283AB3D0C}.Debug|x86.ActiveCfg = Debug|Any CPU
		{8A655FE0-9A46-48C0-AE0A-82A283AB3D0C}.Debug|x86.Build.0 = Debug|Any CPU
		{8A655FE0-9A46-48C0-AE0A-82A283AB3D0C}.Debug|x86.Deploy.0 = Debug|Any CPU
		{8A655FE0-9A46-48C0-AE0A-82A283AB3D0C}.Release|Any CPU.ActiveCfg = Release|Any CPU
		{8A655FE0-9A46-48C0-AE0A-82A283AB3D0C}.Release|Any CPU.Build.0 = Release|Any CPU
		{8A655FE0-9A46-48C0-AE0A-82A283AB3D0C}.Release|Any CPU.Deploy.0 = Release|Any CPU
		{8A655FE0-9A46-48C0-AE0A-82A283AB3D0C}.Release|ARM.ActiveCfg = Release|Any CPU
		{8A655FE0-9A46-48C0-AE0A-82A283AB3D0C}.Release|ARM.Build.0 = Release|Any CPU
		{8A655FE0-9A46-48C0-AE0A-82A283AB3D0C}.Release|ARM.Deploy.0 = Release|Any CPU
		{8A655FE0-9A46-48C0-AE0A-82A283AB3D0C}.Release|iPhone.ActiveCfg = Release|Any CPU
		{8A655FE0-9A46-48C0-AE0A-82A283AB3D0C}.Release|iPhone.Build.0 = Release|Any CPU
		{8A655FE0-9A46-48C0-AE0A-82A283AB3D0C}.Release|iPhone.Deploy.0 = Release|Any CPU
		{8A655FE0-9A46-48C0-AE0A-82A283AB3D0C}.Release|iPhoneSimulator.ActiveCfg = Release|Any CPU
		{8A655FE0-9A46-48C0-AE0A-82A283AB3D0C}.Release|iPhoneSimulator.Build.0 = Release|Any CPU
		{8A655FE0-9A46-48C0-AE0A-82A283AB3D0C}.Release|iPhoneSimulator.Deploy.0 = Release|Any CPU
		{8A655FE0-9A46-48C0-AE0A-82A283AB3D0C}.Release|x64.ActiveCfg = Release|Any CPU
		{8A655FE0-9A46-48C0-AE0A-82A283AB3D0C}.Release|x64.Build.0 = Release|Any CPU
		{8A655FE0-9A46-48C0-AE0A-82A283AB3D0C}.Release|x64.Deploy.0 = Release|Any CPU
		{8A655FE0-9A46-48C0-AE0A-82A283AB3D0C}.Release|x86.ActiveCfg = Release|Any CPU
		{8A655FE0-9A46-48C0-AE0A-82A283AB3D0C}.Release|x86.Build.0 = Release|Any CPU
		{8A655FE0-9A46-48C0-AE0A-82A283AB3D0C}.Release|x86.Deploy.0 = Release|Any CPU
	EndGlobalSection
	GlobalSection(SolutionProperties) = preSolution
		HideSolutionNode = FALSE
	EndGlobalSection
	GlobalSection(ExtensibilityGlobals) = postSolution
		SolutionGuid = {F6E378D8-C536-4E66-BA13-9CA383976DE4}
	EndGlobalSection
EndGlobal
